// !$*UTF8*$!
{
	archiveVersion = 1;
	classes = {
	};
	objectVersion = 46;
	objects = {

/* Begin PBXBuildFile section */
		EADE2947195FCB0B0055F6A4 /* AppDelegate.swift in Sources */ = {isa = PBXBuildFile; fileRef = EADE2946195FCB0B0055F6A4 /* AppDelegate.swift */; };
		EADE2949195FCB0B0055F6A4 /* FirstViewController.swift in Sources */ = {isa = PBXBuildFile; fileRef = EADE2948195FCB0B0055F6A4 /* FirstViewController.swift */; };
		EADE294B195FCB0B0055F6A4 /* SecondViewController.swift in Sources */ = {isa = PBXBuildFile; fileRef = EADE294A195FCB0B0055F6A4 /* SecondViewController.swift */; };
		EADE294E195FCB0B0055F6A4 /* Main.storyboard in Resources */ = {isa = PBXBuildFile; fileRef = EADE294C195FCB0B0055F6A4 /* Main.storyboard */; };
		EADE2950195FCB0B0055F6A4 /* Images.xcassets in Resources */ = {isa = PBXBuildFile; fileRef = EADE294F195FCB0B0055F6A4 /* Images.xcassets */; };
		EADE295C195FCB0B0055F6A4 /* Test_iPhone_AppTests.swift in Sources */ = {isa = PBXBuildFile; fileRef = EADE295B195FCB0B0055F6A4 /* Test_iPhone_AppTests.swift */; };
/* End PBXBuildFile section */

/* Begin PBXContainerItemProxy section */
		EADE2956195FCB0B0055F6A4 /* PBXContainerItemProxy */ = {
			isa = PBXContainerItemProxy;
			containerPortal = EADE2939195FCB0B0055F6A4 /* Project object */;
			proxyType = 1;
			remoteGlobalIDString = EADE2940195FCB0B0055F6A4;
			remoteInfo = "Test iPhone App";
		};
/* End PBXContainerItemProxy section */

/* Begin PBXFileReference section */
		EADE2941195FCB0B0055F6A4 /* Test iPhone App.app */ = {isa = PBXFileReference; explicitFileType = wrapper.application; includeInIndex = 0; path = "Test iPhone App.app"; sourceTree = BUILT_PRODUCTS_DIR; };
		EADE2945195FCB0B0055F6A4 /* Info.plist */ = {isa = PBXFileReference; lastKnownFileType = text.plist.xml; path = Info.plist; sourceTree = "<group>"; };
		EADE2946195FCB0B0055F6A4 /* AppDelegate.swift */ = {isa = PBXFileReference; lastKnownFileType = sourcecode.swift; path = AppDelegate.swift; sourceTree = "<group>"; };
		EADE2948195FCB0B0055F6A4 /* FirstViewController.swift */ = {isa = PBXFileReference; lastKnownFileType = sourcecode.swift; path = FirstViewController.swift; sourceTree = "<group>"; };
		EADE294A195FCB0B0055F6A4 /* SecondViewController.swift */ = {isa = PBXFileReference; lastKnownFileType = sourcecode.swift; path = SecondViewController.swift; sourceTree = "<group>"; };
		EADE294D195FCB0B0055F6A4 /* Base */ = {isa = PBXFileReference; lastKnownFileType = file.storyboard; name = Base; path = Base.lproj/Main.storyboard; sourceTree = "<group>"; };
		EADE294F195FCB0B0055F6A4 /* Images.xcassets */ = {isa = PBXFileReference; lastKnownFileType = folder.assetcatalog; path = Images.xcassets; sourceTree = "<group>"; };
		EADE2955195FCB0B0055F6A4 /* Test iPhone AppTests.xctest */ = {isa = PBXFileReference; explicitFileType = wrapper.cfbundle; includeInIndex = 0; path = "Test iPhone AppTests.xctest"; sourceTree = BUILT_PRODUCTS_DIR; };
		EADE295A195FCB0B0055F6A4 /* Info.plist */ = {isa = PBXFileReference; lastKnownFileType = text.plist.xml; path = Info.plist; sourceTree = "<group>"; };
		EADE295B195FCB0B0055F6A4 /* Test_iPhone_AppTests.swift */ = {isa = PBXFileReference; lastKnownFileType = sourcecode.swift; path = Test_iPhone_AppTests.swift; sourceTree = "<group>"; };
/* End PBXFileReference section */

/* Begin PBXFrameworksBuildPhase section */
		EADE293E195FCB0B0055F6A4 /* Frameworks */ = {
			isa = PBXFrameworksBuildPhase;
			buildActionMask = 2147483647;
			files = (
			);
			runOnlyForDeploymentPostprocessing = 0;
		};
		EADE2952195FCB0B0055F6A4 /* Frameworks */ = {
			isa = PBXFrameworksBuildPhase;
			buildActionMask = 2147483647;
			files = (
			);
			runOnlyForDeploymentPostprocessing = 0;
		};
/* End PBXFrameworksBuildPhase section */

/* Begin PBXGroup section */
		EADE2938195FCB0B0055F6A4 = {
			isa = PBXGroup;
			children = (
				EADE2943195FCB0B0055F6A4 /* Test iPhone App */,
				EADE2958195FCB0B0055F6A4 /* Test iPhone AppTests */,
				EADE2942195FCB0B0055F6A4 /* Products */,
			);
			sourceTree = "<group>";
		};
		EADE2942195FCB0B0055F6A4 /* Products */ = {
			isa = PBXGroup;
			children = (
				EADE2941195FCB0B0055F6A4 /* Test iPhone App.app */,
				EADE2955195FCB0B0055F6A4 /* Test iPhone AppTests.xctest */,
			);
			name = Products;
			sourceTree = "<group>";
		};
		EADE2943195FCB0B0055F6A4 /* Test iPhone App */ = {
			isa = PBXGroup;
			children = (
				EADE2946195FCB0B0055F6A4 /* AppDelegate.swift */,
				EADE2948195FCB0B0055F6A4 /* FirstViewController.swift */,
				EADE294A195FCB0B0055F6A4 /* SecondViewController.swift */,
				EADE294C195FCB0B0055F6A4 /* Main.storyboard */,
				EADE294F195FCB0B0055F6A4 /* Images.xcassets */,
				EADE2944195FCB0B0055F6A4 /* Supporting Files */,
			);
			path = "Test iPhone App";
			sourceTree = "<group>";
		};
		EADE2944195FCB0B0055F6A4 /* Supporting Files */ = {
			isa = PBXGroup;
			children = (
				EADE2945195FCB0B0055F6A4 /* Info.plist */,
			);
			name = "Supporting Files";
			sourceTree = "<group>";
		};
		EADE2958195FCB0B0055F6A4 /* Test iPhone AppTests */ = {
			isa = PBXGroup;
			children = (
				EADE295B195FCB0B0055F6A4 /* Test_iPhone_AppTests.swift */,
				EADE2959195FCB0B0055F6A4 /* Supporting Files */,
			);
			path = "Test iPhone AppTests";
			sourceTree = "<group>";
		};
		EADE2959195FCB0B0055F6A4 /* Supporting Files */ = {
			isa = PBXGroup;
			children = (
				EADE295A195FCB0B0055F6A4 /* Info.plist */,
			);
			name = "Supporting Files";
			sourceTree = "<group>";
		};
/* End PBXGroup section */

/* Begin PBXNativeTarget section */
		EADE2940195FCB0B0055F6A4 /* Test iPhone App */ = {
			isa = PBXNativeTarget;
			buildConfigurationList = EADE295F195FCB0B0055F6A4 /* Build configuration list for PBXNativeTarget "Test iPhone App" */;
			buildPhases = (
				EADE293D195FCB0B0055F6A4 /* Sources */,
				EADE293E195FCB0B0055F6A4 /* Frameworks */,
				EADE293F195FCB0B0055F6A4 /* Resources */,
			);
			buildRules = (
			);
			dependencies = (
			);
			name = "Test iPhone App";
			productName = "Test iPhone App";
			productReference = EADE2941195FCB0B0055F6A4 /* Test iPhone App.app */;
			productType = "com.apple.product-type.application";
		};
		EADE2954195FCB0B0055F6A4 /* Test iPhone AppTests */ = {
			isa = PBXNativeTarget;
			buildConfigurationList = EADE2962195FCB0B0055F6A4 /* Build configuration list for PBXNativeTarget "Test iPhone AppTests" */;
			buildPhases = (
				EADE2951195FCB0B0055F6A4 /* Sources */,
				EADE2952195FCB0B0055F6A4 /* Frameworks */,
				EADE2953195FCB0B0055F6A4 /* Resources */,
			);
			buildRules = (
			);
			dependencies = (
				EADE2957195FCB0B0055F6A4 /* PBXTargetDependency */,
			);
			name = "Test iPhone AppTests";
			productName = "Test iPhone AppTests";
			productReference = EADE2955195FCB0B0055F6A4 /* Test iPhone AppTests.xctest */;
			productType = "com.apple.product-type.bundle.unit-test";
		};
/* End PBXNativeTarget section */

/* Begin PBXProject section */
		EADE2939195FCB0B0055F6A4 /* Project object */ = {
			isa = PBXProject;
			attributes = {
				LastUpgradeCheck = 0600;
				ORGANIZATIONNAME = "Ken Driscoll";
				TargetAttributes = {
					EADE2940195FCB0B0055F6A4 = {
						CreatedOnToolsVersion = 6.0;
					};
					EADE2954195FCB0B0055F6A4 = {
						CreatedOnToolsVersion = 6.0;
						TestTargetID = EADE2940195FCB0B0055F6A4;
					};
				};
			};
			buildConfigurationList = EADE293C195FCB0B0055F6A4 /* Build configuration list for PBXProject "Test iPhone App" */;
			compatibilityVersion = "Xcode 3.2";
			developmentRegion = English;
			hasScannedForEncodings = 0;
			knownRegions = (
				en,
				Base,
			);
			mainGroup = EADE2938195FCB0B0055F6A4;
			productRefGroup = EADE2942195FCB0B0055F6A4 /* Products */;
			projectDirPath = "";
			projectRoot = "";
			targets = (
				EADE2940195FCB0B0055F6A4 /* Test iPhone App */,
				EADE2954195FCB0B0055F6A4 /* Test iPhone AppTests */,
			);
		};
/* End PBXProject section */

/* Begin PBXResourcesBuildPhase section */
		EADE293F195FCB0B0055F6A4 /* Resources */ = {
			isa = PBXResourcesBuildPhase;
			buildActionMask = 2147483647;
			files = (
				EADE294E195FCB0B0055F6A4 /* Main.storyboard in Resources */,
				EADE2950195FCB0B0055F6A4 /* Images.xcassets in Resources */,
			);
			runOnlyForDeploymentPostprocessing = 0;
		};
		EADE2953195FCB0B0055F6A4 /* Resources */ = {
			isa = PBXResourcesBuildPhase;
			buildActionMask = 2147483647;
			files = (
			);
			runOnlyForDeploymentPostprocessing = 0;
		};
/* End PBXResourcesBuildPhase section */

/* Begin PBXSourcesBuildPhase section */
		EADE293D195FCB0B0055F6A4 /* Sources */ = {
			isa = PBXSourcesBuildPhase;
			buildActionMask = 2147483647;
			files = (
				EADE294B195FCB0B0055F6A4 /* SecondViewController.swift in Sources */,
				EADE2947195FCB0B0055F6A4 /* AppDelegate.swift in Sources */,
				EADE2949195FCB0B0055F6A4 /* FirstViewController.swift in Sources */,
			);
			runOnlyForDeploymentPostprocessing = 0;
		};
		EADE2951195FCB0B0055F6A4 /* Sources */ = {
			isa = PBXSourcesBuildPhase;
			buildActionMask = 2147483647;
			files = (
				EADE295C195FCB0B0055F6A4 /* Test_iPhone_AppTests.swift in Sources */,
			);
			runOnlyForDeploymentPostprocessing = 0;
		};
/* End PBXSourcesBuildPhase section */

/* Begin PBXTargetDependency section */
		EADE2957195FCB0B0055F6A4 /* PBXTargetDependency */ = {
			isa = PBXTargetDependency;
			target = EADE2940195FCB0B0055F6A4 /* Test iPhone App */;
			targetProxy = EADE2956195FCB0B0055F6A4 /* PBXContainerItemProxy */;
		};
/* End PBXTargetDependency section */

/* Begin PBXVariantGroup section */
		EADE294C195FCB0B0055F6A4 /* Main.storyboard */ = {
			isa = PBXVariantGroup;
			children = (
				EADE294D195FCB0B0055F6A4 /* Base */,
			);
			name = Main.storyboard;
			sourceTree = "<group>";
		};
/* End PBXVariantGroup section */

/* Begin XCBuildConfiguration section */
		EADE295D195FCB0B0055F6A4 /* Debug */ = {
			isa = XCBuildConfiguration;
			buildSettings = {
				ALWAYS_SEARCH_USER_PATHS = NO;
				CLANG_CXX_LANGUAGE_STANDARD = "gnu++0x";
				CLANG_CXX_LIBRARY = "libc++";
				CLANG_ENABLE_MODULES = YES;
				CLANG_ENABLE_OBJC_ARC = YES;
				CLANG_WARN_BOOL_CONVERSION = YES;
				CLANG_WARN_CONSTANT_CONVERSION = YES;
				CLANG_WARN_DIRECT_OBJC_ISA_USAGE = YES_ERROR;
				CLANG_WARN_EMPTY_BODY = YES;
				CLANG_WARN_ENUM_CONVERSION = YES;
				CLANG_WARN_INT_CONVERSION = YES;
				CLANG_WARN_OBJC_ROOT_CLASS = YES_ERROR;
				CLANG_WARN_UNREACHABLE_CODE = YES;
				CLANG_WARN__DUPLICATE_METHOD_MATCH = YES;
				"CODE_SIGN_IDENTITY[sdk=iphoneos*]" = "iPhone Developer";
				COPY_PHASE_STRIP = NO;
				ENABLE_STRICT_OBJC_MSGSEND = YES;
				GCC_C_LANGUAGE_STANDARD = gnu99;
				GCC_DYNAMIC_NO_PIC = NO;
				GCC_OPTIMIZATION_LEVEL = 0;
				GCC_PREPROCESSOR_DEFINITIONS = (
					"DEBUG=1",
					"$(inherited)",
				);
				GCC_SYMBOLS_PRIVATE_EXTERN = NO;
				GCC_WARN_64_TO_32_BIT_CONVERSION = YES;
				GCC_WARN_ABOUT_RETURN_TYPE = YES_ERROR;
				GCC_WARN_UNDECLARED_SELECTOR = YES;
				GCC_WARN_UNINITIALIZED_AUTOS = YES_AGGRESSIVE;
				GCC_WARN_UNUSED_FUNCTION = YES;
				GCC_WARN_UNUSED_VARIABLE = YES;
				IPHONEOS_DEPLOYMENT_TARGET = 8.0;
				METAL_ENABLE_DEBUG_INFO = YES;
				ONLY_ACTIVE_ARCH = YES;
				SDKROOT = iphoneos;
				SWIFT_OPTIMIZATION_LEVEL = "-Onone";
				TARGETED_DEVICE_FAMILY = "1,2";
			};
			name = Debug;
		};
		EADE295E195FCB0B0055F6A4 /* Release */ = {
			isa = XCBuildConfiguration;
			buildSettings = {
				ALWAYS_SEARCH_USER_PATHS = NO;
				CLANG_CXX_LANGUAGE_STANDARD = "gnu++0x";
				CLANG_CXX_LIBRARY = "libc++";
				CLANG_ENABLE_MODULES = YES;
				CLANG_ENABLE_OBJC_ARC = YES;
				CLANG_WARN_BOOL_CONVERSION = YES;
				CLANG_WARN_CONSTANT_CONVERSION = YES;
				CLANG_WARN_DIRECT_OBJC_ISA_USAGE = YES_ERROR;
				CLANG_WARN_EMPTY_BODY = YES;
				CLANG_WARN_ENUM_CONVERSION = YES;
				CLANG_WARN_INT_CONVERSION = YES;
				CLANG_WARN_OBJC_ROOT_CLASS = YES_ERROR;
				CLANG_WARN_UNREACHABLE_CODE = YES;
				CLANG_WARN__DUPLICATE_METHOD_MATCH = YES;
				"CODE_SIGN_IDENTITY[sdk=iphoneos*]" = "iPhone Developer";
				COPY_PHASE_STRIP = YES;
				ENABLE_NS_ASSERTIONS = NO;
				ENABLE_STRICT_OBJC_MSGSEND = YES;
				GCC_C_LANGUAGE_STANDARD = gnu99;
				GCC_WARN_64_TO_32_BIT_CONVERSION = YES;
				GCC_WARN_ABOUT_RETURN_TYPE = YES_ERROR;
				GCC_WARN_UNDECLARED_SELECTOR = YES;
				GCC_WARN_UNINITIALIZED_AUTOS = YES_AGGRESSIVE;
				GCC_WARN_UNUSED_FUNCTION = YES;
				GCC_WARN_UNUSED_VARIABLE = YES;
				IPHONEOS_DEPLOYMENT_TARGET = 8.0;
				METAL_ENABLE_DEBUG_INFO = NO;
				SDKROOT = iphoneos;
				TARGETED_DEVICE_FAMILY = "1,2";
				VALIDATE_PRODUCT = YES;
			};
			name = Release;
		};
		EADE2960195FCB0B0055F6A4 /* Debug */ = {
			isa = XCBuildConfiguration;
			buildSettings = {
				ASSETCATALOG_COMPILER_APPICON_NAME = AppIcon;
				ASSETCATALOG_COMPILER_LAUNCHIMAGE_NAME = LaunchImage;
				INFOPLIST_FILE = "Test iPhone App/Info.plist";
				LD_RUNPATH_SEARCH_PATHS = "$(inherited) @executable_path/Frameworks";
				PRODUCT_NAME = "$(TARGET_NAME)";
			};
			name = Debug;
		};
		EADE2961195FCB0B0055F6A4 /* Release */ = {
			isa = XCBuildConfiguration;
			buildSettings = {
				ASSETCATALOG_COMPILER_APPICON_NAME = AppIcon;
				ASSETCATALOG_COMPILER_LAUNCHIMAGE_NAME = LaunchImage;
				INFOPLIST_FILE = "Test iPhone App/Info.plist";
				LD_RUNPATH_SEARCH_PATHS = "$(inherited) @executable_path/Frameworks";
				PRODUCT_NAME = "$(TARGET_NAME)";
			};
			name = Release;
		};
		EADE2963195FCB0B0055F6A4 /* Debug */ = {
			isa = XCBuildConfiguration;
			buildSettings = {
				BUNDLE_LOADER = "$(BUILT_PRODUCTS_DIR)/Test iPhone App.app/Test iPhone App";
				FRAMEWORK_SEARCH_PATHS = (
					"$(SDKROOT)/Developer/Library/Frameworks",
					"$(inherited)",
				);
				GCC_PREPROCESSOR_DEFINITIONS = (
					"DEBUG=1",
					"$(inherited)",
				);
				INFOPLIST_FILE = "Test iPhone AppTests/Info.plist";
				LD_RUNPATH_SEARCH_PATHS = "$(inherited) @executable_path/Frameworks @loader_path/Frameworks";
				METAL_ENABLE_DEBUG_INFO = YES;
				PRODUCT_NAME = "$(TARGET_NAME)";
				TEST_HOST = "$(BUNDLE_LOADER)";
			};
			name = Debug;
		};
		EADE2964195FCB0B0055F6A4 /* Release */ = {
			isa = XCBuildConfiguration;
			buildSettings = {
				BUNDLE_LOADER = "$(BUILT_PRODUCTS_DIR)/Test iPhone App.app/Test iPhone App";
				FRAMEWORK_SEARCH_PATHS = (
					"$(SDKROOT)/Developer/Library/Frameworks",
					"$(inherited)",
				);
				INFOPLIST_FILE = "Test iPhone AppTests/Info.plist";
				LD_RUNPATH_SEARCH_PATHS = "$(inherited) @executable_path/Frameworks @loader_path/Frameworks";
				METAL_ENABLE_DEBUG_INFO = NO;
				PRODUCT_NAME = "$(TARGET_NAME)";
				TEST_HOST = "$(BUNDLE_LOADER)";
			};
			name = Release;
		};
/* End XCBuildConfiguration section */

/* Begin XCConfigurationList section */
		EADE293C195FCB0B0055F6A4 /* Build configuration list for PBXProject "Test iPhone App" */ = {
			isa = XCConfigurationList;
			buildConfigurations = (
				EADE295D195FCB0B0055F6A4 /* Debug */,
				EADE295E195FCB0B0055F6A4 /* Release */,
			);
			defaultConfigurationIsVisible = 0;
			defaultConfigurationName = Release;
		};
		EADE295F195FCB0B0055F6A4 /* Build configuration list for PBXNativeTarget "Test iPhone App" */ = {
			isa = XCConfigurationList;
			buildConfigurations = (
				EADE2960195FCB0B0055F6A4 /* Debug */,
				EADE2961195FCB0B0055F6A4 /* Release */,
			);
			defaultConfigurationIsVisible = 0;
		};
		EADE2962195FCB0B0055F6A4 /* Build configuration list for PBXNativeTarget "Test iPhone AppTests" */ = {
			isa = XCConfigurationList;
			buildConfigurations = (
				EADE2963195FCB0B0055F6A4 /* Debug */,
				EADE2964195FCB0B0055F6A4 /* Release */,
			);
			defaultConfigurationIsVisible = 0;
		};
/* End XCConfigurationList section */
	};
	rootObject = EADE2939195FCB0B0055F6A4 /* Project object */;
}
